
Microsoft Visual Studio Solution File, Format Version 12.00
Project("{FAE04EC0-301F-11D3-BF4B-00C04F79EFBC}") = "AutoResolvingFactory", "AutoResolvingFactory\AutoResolvingFactory.csproj", "{887B6958-9403-477E-9091-334A1E9846FE}"
EndProject
Global
	GlobalSection(SolutionConfigurationPlatforms) = preSolution
		Debug|Any CPU = Debug|Any CPU
		Release|Any CPU = Release|Any CPU
	EndGlobalSection
	GlobalSection(ProjectConfigurationPlatforms) = postSolution
		{887B6958-9403-477E-9091-334A1E9846FE}.Debug|Any CPU.ActiveCfg = Debug|Any CPU
		{887B6958-9403-477E-9091-334A1E9846FE}.Debug|Any CPU.Build.0 = Debug|Any CPU
		{887B6958-9403-477E-9091-334A1E9846FE}.Release|Any CPU.ActiveCfg = Release|Any CPU
		{887B6958-9403-477E-9091-334A1E9846FE}.Release|Any CPU.Build.0 = Release|Any CPU
	EndGlobalSection
EndGlobal
