
Microsoft Visual Studio Solution File, Format Version 12.00
# Visual Studio 15
VisualStudioVersion = 15.0.26730.10
MinimumVisualStudioVersion = 10.0.40219.1
Project("{FAE04EC0-301F-11D3-BF4B-00C04F79EFBC}") = "EFTransaction", "EFTransaction\EFTransaction.csproj", "{678D9548-5365-42B5-8956-C93B60B0C600}"
EndProject
Global
	GlobalSection(SolutionConfigurationPlatforms) = preSolution
		Debug|Any CPU = Debug|Any CPU
		Release|Any CPU = Release|Any CPU
	EndGlobalSection
	GlobalSection(ProjectConfigurationPlatforms) = postSolution
		{678D9548-5365-42B5-8956-C93B60B0C600}.Debug|Any CPU.ActiveCfg = Debug|Any CPU
		{678D9548-5365-42B5-8956-C93B60B0C600}.Debug|Any CPU.Build.0 = Debug|Any CPU
		{678D9548-5365-42B5-8956-C93B60B0C600}.Release|Any CPU.ActiveCfg = Release|Any CPU
		{678D9548-5365-42B5-8956-C93B60B0C600}.Release|Any CPU.Build.0 = Release|Any CPU
	EndGlobalSection
	GlobalSection(SolutionProperties) = preSolution
		HideSolutionNode = FALSE
	EndGlobalSection
	GlobalSection(ExtensibilityGlobals) = postSolution
		SolutionGuid = {FCA00EA0-A889-451D-8E9B-B6A1ED8590CB}
	EndGlobalSection
EndGlobal
